// !$*UTF8*$!
{
	archiveVersion = 1;
	classes = {
	};
	objectVersion = 46;
	objects = {

/* Begin PBXAggregateTarget section */
		"absmartly::absmartlyPackageTests::ProductTarget" /* absmartlyPackageTests */ = {
			isa = PBXAggregateTarget;
			buildConfigurationList = OBJ_30 /* Build configuration list for PBXAggregateTarget "absmartlyPackageTests" */;
			buildPhases = (
			);
			dependencies = (
				OBJ_33 /* PBXTargetDependency */,
			);
			name = absmartlyPackageTests;
			productName = absmartlyPackageTests;
		};
/* End PBXAggregateTarget section */

/* Begin PBXBuildFile section */
		C51DD88D26E83F900033B969 /* VariantAssigner.swift in Sources */ = {isa = PBXBuildFile; fileRef = C51DD87426E83F8F0033B969 /* VariantAssigner.swift */; };
		C51DD88E26E83F900033B969 /* VariantAssigner.swift in Sources */ = {isa = PBXBuildFile; fileRef = C51DD87426E83F8F0033B969 /* VariantAssigner.swift */; };
		C51DD88F26E83F900033B969 /* VariantAssigner.swift in Sources */ = {isa = PBXBuildFile; fileRef = C51DD87426E83F8F0033B969 /* VariantAssigner.swift */; };
		C51DD89026E83F900033B969 /* ContextConfig.swift in Sources */ = {isa = PBXBuildFile; fileRef = C51DD87526E83F8F0033B969 /* ContextConfig.swift */; };
		C51DD89126E83F900033B969 /* ContextConfig.swift in Sources */ = {isa = PBXBuildFile; fileRef = C51DD87526E83F8F0033B969 /* ContextConfig.swift */; };
		C51DD89226E83F900033B969 /* ContextConfig.swift in Sources */ = {isa = PBXBuildFile; fileRef = C51DD87526E83F8F0033B969 /* ContextConfig.swift */; };
		C51DD89326E83F900033B969 /* ABSmartlySDK.swift in Sources */ = {isa = PBXBuildFile; fileRef = C51DD87626E83F8F0033B969 /* ABSmartlySDK.swift */; };
		C51DD89426E83F900033B969 /* ABSmartlySDK.swift in Sources */ = {isa = PBXBuildFile; fileRef = C51DD87626E83F8F0033B969 /* ABSmartlySDK.swift */; };
		C51DD89526E83F900033B969 /* ABSmartlySDK.swift in Sources */ = {isa = PBXBuildFile; fileRef = C51DD87626E83F8F0033B969 /* ABSmartlySDK.swift */; };
		C51DD89626E83F900033B969 /* Logger.swift in Sources */ = {isa = PBXBuildFile; fileRef = C51DD87726E83F8F0033B969 /* Logger.swift */; };
		C51DD89726E83F900033B969 /* Logger.swift in Sources */ = {isa = PBXBuildFile; fileRef = C51DD87726E83F8F0033B969 /* Logger.swift */; };
		C51DD89826E83F900033B969 /* Logger.swift in Sources */ = {isa = PBXBuildFile; fileRef = C51DD87726E83F8F0033B969 /* Logger.swift */; };
		C51DD89926E83F900033B969 /* Buffers.swift in Sources */ = {isa = PBXBuildFile; fileRef = C51DD87926E83F8F0033B969 /* Buffers.swift */; };
		C51DD89A26E83F900033B969 /* Buffers.swift in Sources */ = {isa = PBXBuildFile; fileRef = C51DD87926E83F8F0033B969 /* Buffers.swift */; };
		C51DD89B26E83F900033B969 /* Buffers.swift in Sources */ = {isa = PBXBuildFile; fileRef = C51DD87926E83F8F0033B969 /* Buffers.swift */; };
		C51DD89C26E83F900033B969 /* MurmurHash.swift in Sources */ = {isa = PBXBuildFile; fileRef = C51DD87A26E83F8F0033B969 /* MurmurHash.swift */; };
		C51DD89D26E83F900033B969 /* MurmurHash.swift in Sources */ = {isa = PBXBuildFile; fileRef = C51DD87A26E83F8F0033B969 /* MurmurHash.swift */; };
		C51DD89E26E83F900033B969 /* MurmurHash.swift in Sources */ = {isa = PBXBuildFile; fileRef = C51DD87A26E83F8F0033B969 /* MurmurHash.swift */; };
		C51DD89F26E83F900033B969 /* Hashing.swift in Sources */ = {isa = PBXBuildFile; fileRef = C51DD87B26E83F8F0033B969 /* Hashing.swift */; };
		C51DD8A026E83F900033B969 /* Hashing.swift in Sources */ = {isa = PBXBuildFile; fileRef = C51DD87B26E83F8F0033B969 /* Hashing.swift */; };
		C51DD8A126E83F900033B969 /* Hashing.swift in Sources */ = {isa = PBXBuildFile; fileRef = C51DD87B26E83F8F0033B969 /* Hashing.swift */; };
		C51DD8A226E83F900033B969 /* Experiment.swift in Sources */ = {isa = PBXBuildFile; fileRef = C51DD87C26E83F8F0033B969 /* Experiment.swift */; };
		C51DD8A326E83F900033B969 /* Experiment.swift in Sources */ = {isa = PBXBuildFile; fileRef = C51DD87C26E83F8F0033B969 /* Experiment.swift */; };
		C51DD8A426E83F900033B969 /* Experiment.swift in Sources */ = {isa = PBXBuildFile; fileRef = C51DD87C26E83F8F0033B969 /* Experiment.swift */; };
		C51DD8A526E83F900033B969 /* ContextDataProvider.swift in Sources */ = {isa = PBXBuildFile; fileRef = C51DD87D26E83F8F0033B969 /* ContextDataProvider.swift */; };
		C51DD8A626E83F900033B969 /* ContextDataProvider.swift in Sources */ = {isa = PBXBuildFile; fileRef = C51DD87D26E83F8F0033B969 /* ContextDataProvider.swift */; };
		C51DD8A726E83F900033B969 /* ContextDataProvider.swift in Sources */ = {isa = PBXBuildFile; fileRef = C51DD87D26E83F8F0033B969 /* ContextDataProvider.swift */; };
		C51DD8A826E83F900033B969 /* Context.swift in Sources */ = {isa = PBXBuildFile; fileRef = C51DD87E26E83F8F0033B969 /* Context.swift */; };
		C51DD8A926E83F900033B969 /* Context.swift in Sources */ = {isa = PBXBuildFile; fileRef = C51DD87E26E83F8F0033B969 /* Context.swift */; };
		C51DD8AA26E83F900033B969 /* Context.swift in Sources */ = {isa = PBXBuildFile; fileRef = C51DD87E26E83F8F0033B969 /* Context.swift */; };
		C51DD8AB26E83F900033B969 /* ClientOptions.swift in Sources */ = {isa = PBXBuildFile; fileRef = C51DD87F26E83F8F0033B969 /* ClientOptions.swift */; };
		C51DD8AC26E83F900033B969 /* ClientOptions.swift in Sources */ = {isa = PBXBuildFile; fileRef = C51DD87F26E83F8F0033B969 /* ClientOptions.swift */; };
		C51DD8AD26E83F900033B969 /* ClientOptions.swift in Sources */ = {isa = PBXBuildFile; fileRef = C51DD87F26E83F8F0033B969 /* ClientOptions.swift */; };
		C51DD8AE26E83F900033B969 /* GoalAchievement.swift in Sources */ = {isa = PBXBuildFile; fileRef = C51DD88026E83F8F0033B969 /* GoalAchievement.swift */; };
		C51DD8AF26E83F900033B969 /* GoalAchievement.swift in Sources */ = {isa = PBXBuildFile; fileRef = C51DD88026E83F8F0033B969 /* GoalAchievement.swift */; };
		C51DD8B026E83F900033B969 /* GoalAchievement.swift in Sources */ = {isa = PBXBuildFile; fileRef = C51DD88026E83F8F0033B969 /* GoalAchievement.swift */; };
		C51DD8B126E83F900033B969 /* PublishEvent.swift in Sources */ = {isa = PBXBuildFile; fileRef = C51DD88126E83F8F0033B969 /* PublishEvent.swift */; };
		C51DD8B226E83F900033B969 /* PublishEvent.swift in Sources */ = {isa = PBXBuildFile; fileRef = C51DD88126E83F8F0033B969 /* PublishEvent.swift */; };
		C51DD8B326E83F900033B969 /* PublishEvent.swift in Sources */ = {isa = PBXBuildFile; fileRef = C51DD88126E83F8F0033B969 /* PublishEvent.swift */; };
		C51DD8B726E83F900033B969 /* EventPublisher.swift in Sources */ = {isa = PBXBuildFile; fileRef = C51DD88326E83F8F0033B969 /* EventPublisher.swift */; };
		C51DD8B826E83F900033B969 /* EventPublisher.swift in Sources */ = {isa = PBXBuildFile; fileRef = C51DD88326E83F8F0033B969 /* EventPublisher.swift */; };
		C51DD8B926E83F900033B969 /* EventPublisher.swift in Sources */ = {isa = PBXBuildFile; fileRef = C51DD88326E83F8F0033B969 /* EventPublisher.swift */; };
		C51DD8BA26E83F900033B969 /* RequestFactory.swift in Sources */ = {isa = PBXBuildFile; fileRef = C51DD88426E83F8F0033B969 /* RequestFactory.swift */; };
		C51DD8BB26E83F900033B969 /* RequestFactory.swift in Sources */ = {isa = PBXBuildFile; fileRef = C51DD88426E83F8F0033B969 /* RequestFactory.swift */; };
		C51DD8BC26E83F900033B969 /* RequestFactory.swift in Sources */ = {isa = PBXBuildFile; fileRef = C51DD88426E83F8F0033B969 /* RequestFactory.swift */; };
		C51DD8BD26E83F900033B969 /* ContextData.swift in Sources */ = {isa = PBXBuildFile; fileRef = C51DD88526E83F8F0033B969 /* ContextData.swift */; };
		C51DD8BE26E83F900033B969 /* ContextData.swift in Sources */ = {isa = PBXBuildFile; fileRef = C51DD88526E83F8F0033B969 /* ContextData.swift */; };
		C51DD8BF26E83F900033B969 /* ContextData.swift in Sources */ = {isa = PBXBuildFile; fileRef = C51DD88526E83F8F0033B969 /* ContextData.swift */; };
		C51DD8C026E83F900033B969 /* OptionalDecodableObject.swift in Sources */ = {isa = PBXBuildFile; fileRef = C51DD88726E83F8F0033B969 /* OptionalDecodableObject.swift */; };
		C51DD8C126E83F900033B969 /* OptionalDecodableObject.swift in Sources */ = {isa = PBXBuildFile; fileRef = C51DD88726E83F8F0033B969 /* OptionalDecodableObject.swift */; };
		C51DD8C226E83F900033B969 /* OptionalDecodableObject.swift in Sources */ = {isa = PBXBuildFile; fileRef = C51DD88726E83F8F0033B969 /* OptionalDecodableObject.swift */; };
		C51DD8C326E83F900033B969 /* ThreadSafeArray.swift in Sources */ = {isa = PBXBuildFile; fileRef = C51DD88826E83F8F0033B969 /* ThreadSafeArray.swift */; };
		C51DD8C426E83F900033B969 /* ThreadSafeArray.swift in Sources */ = {isa = PBXBuildFile; fileRef = C51DD88826E83F8F0033B969 /* ThreadSafeArray.swift */; };
		C51DD8C526E83F900033B969 /* ThreadSafeArray.swift in Sources */ = {isa = PBXBuildFile; fileRef = C51DD88826E83F8F0033B969 /* ThreadSafeArray.swift */; };
		C51DD8C626E83F900033B969 /* Promise.swift in Sources */ = {isa = PBXBuildFile; fileRef = C51DD88926E83F8F0033B969 /* Promise.swift */; };
		C51DD8C726E83F900033B969 /* Promise.swift in Sources */ = {isa = PBXBuildFile; fileRef = C51DD88926E83F8F0033B969 /* Promise.swift */; };
		C51DD8C826E83F900033B969 /* Promise.swift in Sources */ = {isa = PBXBuildFile; fileRef = C51DD88926E83F8F0033B969 /* Promise.swift */; };
		C51DD8C926E83F900033B969 /* Queue.swift in Sources */ = {isa = PBXBuildFile; fileRef = C51DD88A26E83F8F0033B969 /* Queue.swift */; };
		C51DD8CA26E83F900033B969 /* Queue.swift in Sources */ = {isa = PBXBuildFile; fileRef = C51DD88A26E83F8F0033B969 /* Queue.swift */; };
		C51DD8CB26E83F900033B969 /* Queue.swift in Sources */ = {isa = PBXBuildFile; fileRef = C51DD88A26E83F8F0033B969 /* Queue.swift */; };
		C51DD8CC26E83F900033B969 /* Atomic.swift in Sources */ = {isa = PBXBuildFile; fileRef = C51DD88B26E83F8F0033B969 /* Atomic.swift */; };
		C51DD8CD26E83F900033B969 /* Atomic.swift in Sources */ = {isa = PBXBuildFile; fileRef = C51DD88B26E83F8F0033B969 /* Atomic.swift */; };
		C51DD8CE26E83F900033B969 /* Atomic.swift in Sources */ = {isa = PBXBuildFile; fileRef = C51DD88B26E83F8F0033B969 /* Atomic.swift */; };
		C51DD8CF26E83F900033B969 /* ThreadSafeMap.swift in Sources */ = {isa = PBXBuildFile; fileRef = C51DD88C26E83F8F0033B969 /* ThreadSafeMap.swift */; };
		C51DD8D026E83F900033B969 /* ThreadSafeMap.swift in Sources */ = {isa = PBXBuildFile; fileRef = C51DD88C26E83F8F0033B969 /* ThreadSafeMap.swift */; };
		C51DD8D126E83F900033B969 /* ThreadSafeMap.swift in Sources */ = {isa = PBXBuildFile; fileRef = C51DD88C26E83F8F0033B969 /* ThreadSafeMap.swift */; };
		C51DD8D326EA2EEA0033B969 /* Errors.swift in Sources */ = {isa = PBXBuildFile; fileRef = C51DD8D226EA2EEA0033B969 /* Errors.swift */; };
		C51DD8D426EA2EEA0033B969 /* Errors.swift in Sources */ = {isa = PBXBuildFile; fileRef = C51DD8D226EA2EEA0033B969 /* Errors.swift */; };
		C51DD8D526EA2EEA0033B969 /* Errors.swift in Sources */ = {isa = PBXBuildFile; fileRef = C51DD8D226EA2EEA0033B969 /* Errors.swift */; };
		C584CE7C26F35BA3002F83BF /* variables.json in Resources */ = {isa = PBXBuildFile; fileRef = C584CE7926F35BA2002F83BF /* variables.json */; };
		C584CE7D26F35BA3002F83BF /* context.json in Resources */ = {isa = PBXBuildFile; fileRef = C584CE7A26F35BA2002F83BF /* context.json */; };
		C584CE7E26F35BA3002F83BF /* refreshed.json in Resources */ = {isa = PBXBuildFile; fileRef = C584CE7B26F35BA2002F83BF /* refreshed.json */; };
		C584CE8726F35BBF002F83BF /* ContextConfigTest.swift in Sources */ = {isa = PBXBuildFile; fileRef = C584CE7F26F35BBF002F83BF /* ContextConfigTest.swift */; };
		C584CE8826F35BBF002F83BF /* ContextDataDeserializerTests.swift in Sources */ = {isa = PBXBuildFile; fileRef = C584CE8026F35BBF002F83BF /* ContextDataDeserializerTests.swift */; };
		C584CE8926F35BBF002F83BF /* MD5Test.swift in Sources */ = {isa = PBXBuildFile; fileRef = C584CE8126F35BBF002F83BF /* MD5Test.swift */; };
		C584CE8A26F35BBF002F83BF /* VariablesDeserializerTests.swift in Sources */ = {isa = PBXBuildFile; fileRef = C584CE8226F35BBF002F83BF /* VariablesDeserializerTests.swift */; };
		C584CE8B26F35BBF002F83BF /* ABSmartlySDKTest.swift in Sources */ = {isa = PBXBuildFile; fileRef = C584CE8326F35BBF002F83BF /* ABSmartlySDKTest.swift */; };
		C584CE8C26F35BBF002F83BF /* MurmurHashTest.swift in Sources */ = {isa = PBXBuildFile; fileRef = C584CE8426F35BBF002F83BF /* MurmurHashTest.swift */; };
		C584CE8D26F35BBF002F83BF /* ContextTest.swift in Sources */ = {isa = PBXBuildFile; fileRef = C584CE8526F35BBF002F83BF /* ContextTest.swift */; };
		C584CE8E26F35BBF002F83BF /* ContextEventSerializerTest.swift in Sources */ = {isa = PBXBuildFile; fileRef = C584CE8626F35BBF002F83BF /* ContextEventSerializerTest.swift */; };
		OBJ_28 /* Package.swift in Sources */ = {isa = PBXBuildFile; fileRef = OBJ_6 /* Package.swift */; };
		OBJ_41 /* absmartly.framework in Frameworks */ = {isa = PBXBuildFile; fileRef = "absmartly::absmartly::Product" /* absmartly.framework */; };
/* End PBXBuildFile section */

/* Begin PBXContainerItemProxy section */
		C5D2E7D926CCB77C002CD86E /* PBXContainerItemProxy */ = {
			isa = PBXContainerItemProxy;
			containerPortal = OBJ_1 /* Project object */;
			proxyType = 1;
			remoteGlobalIDString = "absmartly::absmartly";
			remoteInfo = absmartly;
		};
		C5D2E7DA26CCB77D002CD86E /* PBXContainerItemProxy */ = {
			isa = PBXContainerItemProxy;
			containerPortal = OBJ_1 /* Project object */;
			proxyType = 1;
			remoteGlobalIDString = "absmartly::absmartlyTests";
			remoteInfo = absmartlyTests;
		};
/* End PBXContainerItemProxy section */

/* Begin PBXFileReference section */
		C51DD87426E83F8F0033B969 /* VariantAssigner.swift */ = {isa = PBXFileReference; fileEncoding = 4; lastKnownFileType = sourcecode.swift; path = VariantAssigner.swift; sourceTree = "<group>"; };
		C51DD87526E83F8F0033B969 /* ContextConfig.swift */ = {isa = PBXFileReference; fileEncoding = 4; lastKnownFileType = sourcecode.swift; path = ContextConfig.swift; sourceTree = "<group>"; };
		C51DD87626E83F8F0033B969 /* ABSmartlySDK.swift */ = {isa = PBXFileReference; fileEncoding = 4; lastKnownFileType = sourcecode.swift; path = ABSmartlySDK.swift; sourceTree = "<group>"; };
		C51DD87726E83F8F0033B969 /* Logger.swift */ = {isa = PBXFileReference; fileEncoding = 4; lastKnownFileType = sourcecode.swift; path = Logger.swift; sourceTree = "<group>"; };
		C51DD87926E83F8F0033B969 /* Buffers.swift */ = {isa = PBXFileReference; fileEncoding = 4; lastKnownFileType = sourcecode.swift; path = Buffers.swift; sourceTree = "<group>"; };
		C51DD87A26E83F8F0033B969 /* MurmurHash.swift */ = {isa = PBXFileReference; fileEncoding = 4; lastKnownFileType = sourcecode.swift; path = MurmurHash.swift; sourceTree = "<group>"; };
		C51DD87B26E83F8F0033B969 /* Hashing.swift */ = {isa = PBXFileReference; fileEncoding = 4; lastKnownFileType = sourcecode.swift; path = Hashing.swift; sourceTree = "<group>"; };
		C51DD87C26E83F8F0033B969 /* Experiment.swift */ = {isa = PBXFileReference; fileEncoding = 4; lastKnownFileType = sourcecode.swift; path = Experiment.swift; sourceTree = "<group>"; };
		C51DD87D26E83F8F0033B969 /* ContextDataProvider.swift */ = {isa = PBXFileReference; fileEncoding = 4; lastKnownFileType = sourcecode.swift; path = ContextDataProvider.swift; sourceTree = "<group>"; };
		C51DD87E26E83F8F0033B969 /* Context.swift */ = {isa = PBXFileReference; fileEncoding = 4; lastKnownFileType = sourcecode.swift; path = Context.swift; sourceTree = "<group>"; };
		C51DD87F26E83F8F0033B969 /* ClientOptions.swift */ = {isa = PBXFileReference; fileEncoding = 4; lastKnownFileType = sourcecode.swift; path = ClientOptions.swift; sourceTree = "<group>"; };
		C51DD88026E83F8F0033B969 /* GoalAchievement.swift */ = {isa = PBXFileReference; fileEncoding = 4; lastKnownFileType = sourcecode.swift; path = GoalAchievement.swift; sourceTree = "<group>"; };
		C51DD88126E83F8F0033B969 /* PublishEvent.swift */ = {isa = PBXFileReference; fileEncoding = 4; lastKnownFileType = sourcecode.swift; path = PublishEvent.swift; sourceTree = "<group>"; };
		C51DD88326E83F8F0033B969 /* EventPublisher.swift */ = {isa = PBXFileReference; fileEncoding = 4; lastKnownFileType = sourcecode.swift; path = EventPublisher.swift; sourceTree = "<group>"; };
		C51DD88426E83F8F0033B969 /* RequestFactory.swift */ = {isa = PBXFileReference; fileEncoding = 4; lastKnownFileType = sourcecode.swift; path = RequestFactory.swift; sourceTree = "<group>"; };
		C51DD88526E83F8F0033B969 /* ContextData.swift */ = {isa = PBXFileReference; fileEncoding = 4; lastKnownFileType = sourcecode.swift; path = ContextData.swift; sourceTree = "<group>"; };
		C51DD88726E83F8F0033B969 /* OptionalDecodableObject.swift */ = {isa = PBXFileReference; fileEncoding = 4; lastKnownFileType = sourcecode.swift; path = OptionalDecodableObject.swift; sourceTree = "<group>"; };
		C51DD88826E83F8F0033B969 /* ThreadSafeArray.swift */ = {isa = PBXFileReference; fileEncoding = 4; lastKnownFileType = sourcecode.swift; path = ThreadSafeArray.swift; sourceTree = "<group>"; };
		C51DD88926E83F8F0033B969 /* Promise.swift */ = {isa = PBXFileReference; fileEncoding = 4; lastKnownFileType = sourcecode.swift; path = Promise.swift; sourceTree = "<group>"; };
		C51DD88A26E83F8F0033B969 /* Queue.swift */ = {isa = PBXFileReference; fileEncoding = 4; lastKnownFileType = sourcecode.swift; path = Queue.swift; sourceTree = "<group>"; };
		C51DD88B26E83F8F0033B969 /* Atomic.swift */ = {isa = PBXFileReference; fileEncoding = 4; lastKnownFileType = sourcecode.swift; path = Atomic.swift; sourceTree = "<group>"; };
		C51DD88C26E83F8F0033B969 /* ThreadSafeMap.swift */ = {isa = PBXFileReference; fileEncoding = 4; lastKnownFileType = sourcecode.swift; path = ThreadSafeMap.swift; sourceTree = "<group>"; };
		C51DD8D226EA2EEA0033B969 /* Errors.swift */ = {isa = PBXFileReference; lastKnownFileType = sourcecode.swift; path = Errors.swift; sourceTree = "<group>"; };
		C584CE7926F35BA2002F83BF /* variables.json */ = {isa = PBXFileReference; fileEncoding = 4; lastKnownFileType = text.json; name = variables.json; path = Tests/variables.json; sourceTree = "<group>"; };
		C584CE7A26F35BA2002F83BF /* context.json */ = {isa = PBXFileReference; fileEncoding = 4; lastKnownFileType = text.json; name = context.json; path = Tests/context.json; sourceTree = "<group>"; };
		C584CE7B26F35BA2002F83BF /* refreshed.json */ = {isa = PBXFileReference; fileEncoding = 4; lastKnownFileType = text.json; name = refreshed.json; path = Tests/refreshed.json; sourceTree = "<group>"; };
		C584CE7F26F35BBF002F83BF /* ContextConfigTest.swift */ = {isa = PBXFileReference; fileEncoding = 4; lastKnownFileType = sourcecode.swift; name = ContextConfigTest.swift; path = Tests/ContextConfigTest.swift; sourceTree = "<group>"; };
		C584CE8026F35BBF002F83BF /* ContextDataDeserializerTests.swift */ = {isa = PBXFileReference; fileEncoding = 4; lastKnownFileType = sourcecode.swift; name = ContextDataDeserializerTests.swift; path = Tests/ContextDataDeserializerTests.swift; sourceTree = "<group>"; };
		C584CE8126F35BBF002F83BF /* MD5Test.swift */ = {isa = PBXFileReference; fileEncoding = 4; lastKnownFileType = sourcecode.swift; name = MD5Test.swift; path = Tests/MD5Test.swift; sourceTree = "<group>"; };
		C584CE8226F35BBF002F83BF /* VariablesDeserializerTests.swift */ = {isa = PBXFileReference; fileEncoding = 4; lastKnownFileType = sourcecode.swift; name = VariablesDeserializerTests.swift; path = Tests/VariablesDeserializerTests.swift; sourceTree = "<group>"; };
		C584CE8326F35BBF002F83BF /* ABSmartlySDKTest.swift */ = {isa = PBXFileReference; fileEncoding = 4; lastKnownFileType = sourcecode.swift; name = ABSmartlySDKTest.swift; path = Tests/ABSmartlySDKTest.swift; sourceTree = "<group>"; };
		C584CE8426F35BBF002F83BF /* MurmurHashTest.swift */ = {isa = PBXFileReference; fileEncoding = 4; lastKnownFileType = sourcecode.swift; name = MurmurHashTest.swift; path = Tests/MurmurHashTest.swift; sourceTree = "<group>"; };
		C584CE8526F35BBF002F83BF /* ContextTest.swift */ = {isa = PBXFileReference; fileEncoding = 4; lastKnownFileType = sourcecode.swift; name = ContextTest.swift; path = Tests/ContextTest.swift; sourceTree = "<group>"; };
		C584CE8626F35BBF002F83BF /* ContextEventSerializerTest.swift */ = {isa = PBXFileReference; fileEncoding = 4; lastKnownFileType = sourcecode.swift; name = ContextEventSerializerTest.swift; path = Tests/ContextEventSerializerTest.swift; sourceTree = "<group>"; };
		OBJ_6 /* Package.swift */ = {isa = PBXFileReference; explicitFileType = sourcecode.swift; path = Package.swift; sourceTree = "<group>"; };
		"absmartly::absmartly::Product" /* absmartly.framework */ = {isa = PBXFileReference; explicitFileType = wrapper.framework; path = absmartly.framework; sourceTree = BUILT_PRODUCTS_DIR; };
		"absmartly::absmartlyTests::Product" /* absmartlyTests.xctest */ = {isa = PBXFileReference; explicitFileType = wrapper.cfbundle; path = absmartlyTests.xctest; sourceTree = BUILT_PRODUCTS_DIR; };
/* End PBXFileReference section */

/* Begin PBXFrameworksBuildPhase section */
		OBJ_22 /* Frameworks */ = {
			isa = PBXFrameworksBuildPhase;
			buildActionMask = 0;
			files = (
			);
			runOnlyForDeploymentPostprocessing = 0;
		};
		OBJ_40 /* Frameworks */ = {
			isa = PBXFrameworksBuildPhase;
			buildActionMask = 0;
			files = (
				OBJ_41 /* absmartly.framework in Frameworks */,
			);
			runOnlyForDeploymentPostprocessing = 0;
		};
/* End PBXFrameworksBuildPhase section */

/* Begin PBXGroup section */
		C501BFAB26DE14190011DEE3 /* resources */ = {
			isa = PBXGroup;
			children = (
				C584CE7A26F35BA2002F83BF /* context.json */,
				C584CE7B26F35BA2002F83BF /* refreshed.json */,
				C584CE7926F35BA2002F83BF /* variables.json */,
			);
			name = resources;
			sourceTree = "<group>";
		};
		C51DD87326E83F8F0033B969 /* Sources */ = {
			isa = PBXGroup;
			children = (
				C51DD87826E83F8F0033B969 /* Hashing */,
				C51DD88626E83F8F0033B969 /* Internal types */,
				C51DD87526E83F8F0033B969 /* ContextConfig.swift */,
				C51DD87626E83F8F0033B969 /* ABSmartlySDK.swift */,
				C51DD87726E83F8F0033B969 /* Logger.swift */,
				C51DD87C26E83F8F0033B969 /* Experiment.swift */,
				C51DD87D26E83F8F0033B969 /* ContextDataProvider.swift */,
				C51DD87E26E83F8F0033B969 /* Context.swift */,
				C51DD87F26E83F8F0033B969 /* ClientOptions.swift */,
				C51DD88026E83F8F0033B969 /* GoalAchievement.swift */,
				C51DD87426E83F8F0033B969 /* VariantAssigner.swift */,
				C51DD88126E83F8F0033B969 /* PublishEvent.swift */,
				C51DD88326E83F8F0033B969 /* EventPublisher.swift */,
				C51DD88426E83F8F0033B969 /* RequestFactory.swift */,
				C51DD88526E83F8F0033B969 /* ContextData.swift */,
			);
			path = Sources;
			sourceTree = "<group>";
		};
		C51DD87826E83F8F0033B969 /* Hashing */ = {
			isa = PBXGroup;
			children = (
				C51DD87926E83F8F0033B969 /* Buffers.swift */,
				C51DD87A26E83F8F0033B969 /* MurmurHash.swift */,
				C51DD87B26E83F8F0033B969 /* Hashing.swift */,
			);
			path = Hashing;
			sourceTree = "<group>";
		};
		C51DD88626E83F8F0033B969 /* Internal types */ = {
			isa = PBXGroup;
			children = (
				C51DD88726E83F8F0033B969 /* OptionalDecodableObject.swift */,
				C51DD88826E83F8F0033B969 /* ThreadSafeArray.swift */,
				C51DD88926E83F8F0033B969 /* Promise.swift */,
				C51DD88A26E83F8F0033B969 /* Queue.swift */,
				C51DD88B26E83F8F0033B969 /* Atomic.swift */,
				C51DD88C26E83F8F0033B969 /* ThreadSafeMap.swift */,
				C51DD8D226EA2EEA0033B969 /* Errors.swift */,
			);
			path = "Internal types";
			sourceTree = "<group>";
		};
		OBJ_10 /* Tests */ = {
			isa = PBXGroup;
			children = (
				C584CE8326F35BBF002F83BF /* ABSmartlySDKTest.swift */,
				C584CE7F26F35BBF002F83BF /* ContextConfigTest.swift */,
				C584CE8026F35BBF002F83BF /* ContextDataDeserializerTests.swift */,
				C584CE8626F35BBF002F83BF /* ContextEventSerializerTest.swift */,
				C584CE8526F35BBF002F83BF /* ContextTest.swift */,
				C584CE8126F35BBF002F83BF /* MD5Test.swift */,
				C584CE8426F35BBF002F83BF /* MurmurHashTest.swift */,
				C584CE8226F35BBF002F83BF /* VariablesDeserializerTests.swift */,
				C501BFAB26DE14190011DEE3 /* resources */,
			);
			name = Tests;
			sourceTree = SOURCE_ROOT;
		};
		OBJ_13 /* Products */ = {
			isa = PBXGroup;
			children = (
				"absmartly::absmartly::Product" /* absmartly.framework */,
				"absmartly::absmartlyTests::Product" /* absmartlyTests.xctest */,
			);
			name = Products;
			sourceTree = BUILT_PRODUCTS_DIR;
		};
		OBJ_5 = {
			isa = PBXGroup;
			children = (
				OBJ_6 /* Package.swift */,
				C51DD87326E83F8F0033B969 /* Sources */,
				OBJ_10 /* Tests */,
				OBJ_13 /* Products */,
			);
			sourceTree = "<group>";
		};
/* End PBXGroup section */

/* Begin PBXNativeTarget section */
		"absmartly::SwiftPMPackageDescription" /* absmartlyPackageDescription */ = {
			isa = PBXNativeTarget;
			buildConfigurationList = OBJ_24 /* Build configuration list for PBXNativeTarget "absmartlyPackageDescription" */;
			buildPhases = (
				OBJ_27 /* Sources */,
			);
			buildRules = (
			);
			dependencies = (
			);
			name = absmartlyPackageDescription;
			productName = absmartlyPackageDescription;
			productType = "com.apple.product-type.framework";
		};
		"absmartly::absmartly" /* absmartly */ = {
			isa = PBXNativeTarget;
			buildConfigurationList = OBJ_17 /* Build configuration list for PBXNativeTarget "absmartly" */;
			buildPhases = (
				OBJ_20 /* Sources */,
				OBJ_22 /* Frameworks */,
			);
			buildRules = (
			);
			dependencies = (
			);
			name = absmartly;
			productName = absmartly;
			productReference = "absmartly::absmartly::Product" /* absmartly.framework */;
			productType = "com.apple.product-type.framework";
		};
		"absmartly::absmartlyTests" /* absmartlyTests */ = {
			isa = PBXNativeTarget;
			buildConfigurationList = OBJ_35 /* Build configuration list for PBXNativeTarget "absmartlyTests" */;
			buildPhases = (
				OBJ_38 /* Sources */,
				OBJ_40 /* Frameworks */,
				C501BFAD26DE26050011DEE3 /* Resources */,
			);
			buildRules = (
			);
			dependencies = (
				OBJ_42 /* PBXTargetDependency */,
			);
			name = absmartlyTests;
			productName = absmartlyTests;
			productReference = "absmartly::absmartlyTests::Product" /* absmartlyTests.xctest */;
			productType = "com.apple.product-type.bundle.unit-test";
		};
/* End PBXNativeTarget section */

/* Begin PBXProject section */
		OBJ_1 /* Project object */ = {
			isa = PBXProject;
			attributes = {
				LastSwiftMigration = 9999;
				LastUpgradeCheck = 9999;
				TargetAttributes = {
					"absmartly::absmartlyPackageTests::ProductTarget" = {
						LastSwiftMigration = 1250;
					};
				};
			};
			buildConfigurationList = OBJ_2 /* Build configuration list for PBXProject "absmartly" */;
			compatibilityVersion = "Xcode 3.2";
			developmentRegion = en;
			hasScannedForEncodings = 0;
			knownRegions = (
				en,
			);
			mainGroup = OBJ_5;
			productRefGroup = OBJ_13 /* Products */;
			projectDirPath = "";
			projectRoot = "";
			targets = (
				"absmartly::absmartly" /* absmartly */,
				"absmartly::SwiftPMPackageDescription" /* absmartlyPackageDescription */,
				"absmartly::absmartlyPackageTests::ProductTarget" /* absmartlyPackageTests */,
				"absmartly::absmartlyTests" /* absmartlyTests */,
			);
		};
/* End PBXProject section */

/* Begin PBXResourcesBuildPhase section */
		C501BFAD26DE26050011DEE3 /* Resources */ = {
			isa = PBXResourcesBuildPhase;
			buildActionMask = 2147483647;
			files = (
				C584CE7D26F35BA3002F83BF /* context.json in Resources */,
				C584CE7E26F35BA3002F83BF /* refreshed.json in Resources */,
				C584CE7C26F35BA3002F83BF /* variables.json in Resources */,
			);
			runOnlyForDeploymentPostprocessing = 0;
		};
/* End PBXResourcesBuildPhase section */

/* Begin PBXSourcesBuildPhase section */
		OBJ_20 /* Sources */ = {
			isa = PBXSourcesBuildPhase;
			buildActionMask = 0;
			files = (
				C51DD8C926E83F900033B969 /* Queue.swift in Sources */,
				C51DD8BA26E83F900033B969 /* RequestFactory.swift in Sources */,
				C51DD89626E83F900033B969 /* Logger.swift in Sources */,
				C51DD89926E83F900033B969 /* Buffers.swift in Sources */,
				C51DD8D326EA2EEA0033B969 /* Errors.swift in Sources */,
				C51DD8BD26E83F900033B969 /* ContextData.swift in Sources */,
				C51DD8C026E83F900033B969 /* OptionalDecodableObject.swift in Sources */,
				C51DD8AE26E83F900033B969 /* GoalAchievement.swift in Sources */,
				C51DD88D26E83F900033B969 /* VariantAssigner.swift in Sources */,
				C51DD89026E83F900033B969 /* ContextConfig.swift in Sources */,
				C51DD8CC26E83F900033B969 /* Atomic.swift in Sources */,
				C51DD8C626E83F900033B969 /* Promise.swift in Sources */,
				C51DD8A826E83F900033B969 /* Context.swift in Sources */,
				C51DD8B726E83F900033B969 /* EventPublisher.swift in Sources */,
				C51DD8A226E83F900033B969 /* Experiment.swift in Sources */,
				C51DD89F26E83F900033B969 /* Hashing.swift in Sources */,
				C51DD8B126E83F900033B969 /* PublishEvent.swift in Sources */,
				C51DD89326E83F900033B969 /* ABSmartlySDK.swift in Sources */,
				C51DD89C26E83F900033B969 /* MurmurHash.swift in Sources */,
				C51DD8C326E83F900033B969 /* ThreadSafeArray.swift in Sources */,
				C51DD8AB26E83F900033B969 /* ClientOptions.swift in Sources */,
				C51DD8CF26E83F900033B969 /* ThreadSafeMap.swift in Sources */,
				C51DD8A526E83F900033B969 /* ContextDataProvider.swift in Sources */,
			);
			runOnlyForDeploymentPostprocessing = 0;
		};
		OBJ_27 /* Sources */ = {
			isa = PBXSourcesBuildPhase;
			buildActionMask = 0;
			files = (
				C51DD8C426E83F900033B969 /* ThreadSafeArray.swift in Sources */,
				C51DD8D026E83F900033B969 /* ThreadSafeMap.swift in Sources */,
				C51DD8A626E83F900033B969 /* ContextDataProvider.swift in Sources */,
				C51DD8B226E83F900033B969 /* PublishEvent.swift in Sources */,
				C51DD8BE26E83F900033B969 /* ContextData.swift in Sources */,
				C51DD8AF26E83F900033B969 /* GoalAchievement.swift in Sources */,
				C51DD8AC26E83F900033B969 /* ClientOptions.swift in Sources */,
				C51DD8A026E83F900033B969 /* Hashing.swift in Sources */,
				C51DD89126E83F900033B969 /* ContextConfig.swift in Sources */,
				C51DD89426E83F900033B969 /* ABSmartlySDK.swift in Sources */,
				C51DD8BB26E83F900033B969 /* RequestFactory.swift in Sources */,
				C51DD8C726E83F900033B969 /* Promise.swift in Sources */,
				C51DD8A326E83F900033B969 /* Experiment.swift in Sources */,
				C51DD8CD26E83F900033B969 /* Atomic.swift in Sources */,
				C51DD89726E83F900033B969 /* Logger.swift in Sources */,
				C51DD8D426EA2EEA0033B969 /* Errors.swift in Sources */,
				C51DD8CA26E83F900033B969 /* Queue.swift in Sources */,
				C51DD8A926E83F900033B969 /* Context.swift in Sources */,
				OBJ_28 /* Package.swift in Sources */,
				C51DD89A26E83F900033B969 /* Buffers.swift in Sources */,
				C51DD88E26E83F900033B969 /* VariantAssigner.swift in Sources */,
				C51DD8B826E83F900033B969 /* EventPublisher.swift in Sources */,
				C51DD8C126E83F900033B969 /* OptionalDecodableObject.swift in Sources */,
				C51DD89D26E83F900033B969 /* MurmurHash.swift in Sources */,
			);
			runOnlyForDeploymentPostprocessing = 0;
		};
		OBJ_38 /* Sources */ = {
			isa = PBXSourcesBuildPhase;
			buildActionMask = 0;
			files = (
				C51DD88F26E83F900033B969 /* VariantAssigner.swift in Sources */,
				C51DD8CE26E83F900033B969 /* Atomic.swift in Sources */,
				C51DD89B26E83F900033B969 /* Buffers.swift in Sources */,
				C51DD8B326E83F900033B969 /* PublishEvent.swift in Sources */,
				C51DD8C226E83F900033B969 /* OptionalDecodableObject.swift in Sources */,
				C51DD8AD26E83F900033B969 /* ClientOptions.swift in Sources */,
				C51DD8C526E83F900033B969 /* ThreadSafeArray.swift in Sources */,
				C51DD89526E83F900033B969 /* ABSmartlySDK.swift in Sources */,
				C51DD89226E83F900033B969 /* ContextConfig.swift in Sources */,
				C51DD8D526EA2EEA0033B969 /* Errors.swift in Sources */,
				C51DD8AA26E83F900033B969 /* Context.swift in Sources */,
				C51DD8A426E83F900033B969 /* Experiment.swift in Sources */,
				C51DD8A126E83F900033B969 /* Hashing.swift in Sources */,
				C584CE8D26F35BBF002F83BF /* ContextTest.swift in Sources */,
				C51DD8C826E83F900033B969 /* Promise.swift in Sources */,
				C51DD8BF26E83F900033B969 /* ContextData.swift in Sources */,
				C51DD8B926E83F900033B969 /* EventPublisher.swift in Sources */,
				C51DD8CB26E83F900033B969 /* Queue.swift in Sources */,
				C584CE8C26F35BBF002F83BF /* MurmurHashTest.swift in Sources */,
				C51DD8D126E83F900033B969 /* ThreadSafeMap.swift in Sources */,
				C584CE8B26F35BBF002F83BF /* ABSmartlySDKTest.swift in Sources */,
				C51DD89826E83F900033B969 /* Logger.swift in Sources */,
				C584CE8826F35BBF002F83BF /* ContextDataDeserializerTests.swift in Sources */,
				C584CE8A26F35BBF002F83BF /* VariablesDeserializerTests.swift in Sources */,
				C584CE8E26F35BBF002F83BF /* ContextEventSerializerTest.swift in Sources */,
				C584CE8926F35BBF002F83BF /* MD5Test.swift in Sources */,
				C51DD8BC26E83F900033B969 /* RequestFactory.swift in Sources */,
				C51DD89E26E83F900033B969 /* MurmurHash.swift in Sources */,
				C584CE8726F35BBF002F83BF /* ContextConfigTest.swift in Sources */,
				C51DD8A726E83F900033B969 /* ContextDataProvider.swift in Sources */,
				C51DD8B026E83F900033B969 /* GoalAchievement.swift in Sources */,
			);
			runOnlyForDeploymentPostprocessing = 0;
		};
/* End PBXSourcesBuildPhase section */

/* Begin PBXTargetDependency section */
		OBJ_33 /* PBXTargetDependency */ = {
			isa = PBXTargetDependency;
			target = "absmartly::absmartlyTests" /* absmartlyTests */;
			targetProxy = C5D2E7DA26CCB77D002CD86E /* PBXContainerItemProxy */;
		};
		OBJ_42 /* PBXTargetDependency */ = {
			isa = PBXTargetDependency;
			target = "absmartly::absmartly" /* absmartly */;
			targetProxy = C5D2E7D926CCB77C002CD86E /* PBXContainerItemProxy */;
		};
/* End PBXTargetDependency section */

/* Begin XCBuildConfiguration section */
		OBJ_18 /* Debug */ = {
			isa = XCBuildConfiguration;
			buildSettings = {
				CURRENT_PROJECT_VERSION = 1;
				ENABLE_TESTABILITY = YES;
				FRAMEWORK_SEARCH_PATHS = (
					"$(inherited)",
					"$(PLATFORM_DIR)/Developer/Library/Frameworks",
				);
				HEADER_SEARCH_PATHS = "$(inherited)";
				INFOPLIST_FILE = absmartly.xcodeproj/absmartly_Info.plist;
				IPHONEOS_DEPLOYMENT_TARGET = 10.0;
				LD_RUNPATH_SEARCH_PATHS = "$(inherited) $(TOOLCHAIN_DIR)/usr/lib/swift/macosx";
				OTHER_CFLAGS = "$(inherited)";
				OTHER_LDFLAGS = "$(inherited)";
				OTHER_SWIFT_FLAGS = "$(inherited)";
				PRODUCT_BUNDLE_IDENTIFIER = absmartly;
				PRODUCT_MODULE_NAME = "$(TARGET_NAME:c99extidentifier)";
				PRODUCT_NAME = "$(TARGET_NAME:c99extidentifier)";
				SKIP_INSTALL = YES;
				SUPPORTED_PLATFORMS = "iphonesimulator iphoneos";
				SUPPORTS_MAC_DESIGNED_FOR_IPHONE_IPAD = NO;
				SWIFT_ACTIVE_COMPILATION_CONDITIONS = "$(inherited)";
				SWIFT_VERSION = 5.0;
				TARGETED_DEVICE_FAMILY = "1,2,6";
				TARGET_NAME = absmartly;
			};
			name = Debug;
		};
		OBJ_19 /* Release */ = {
			isa = XCBuildConfiguration;
			buildSettings = {
				CURRENT_PROJECT_VERSION = 1;
				ENABLE_TESTABILITY = YES;
				FRAMEWORK_SEARCH_PATHS = (
					"$(inherited)",
					"$(PLATFORM_DIR)/Developer/Library/Frameworks",
				);
				HEADER_SEARCH_PATHS = "$(inherited)";
				INFOPLIST_FILE = absmartly.xcodeproj/absmartly_Info.plist;
				IPHONEOS_DEPLOYMENT_TARGET = 10.0;
				LD_RUNPATH_SEARCH_PATHS = "$(inherited) $(TOOLCHAIN_DIR)/usr/lib/swift/macosx";
				OTHER_CFLAGS = "$(inherited)";
				OTHER_LDFLAGS = "$(inherited)";
				OTHER_SWIFT_FLAGS = "$(inherited)";
				PRODUCT_BUNDLE_IDENTIFIER = absmartly;
				PRODUCT_MODULE_NAME = "$(TARGET_NAME:c99extidentifier)";
				PRODUCT_NAME = "$(TARGET_NAME:c99extidentifier)";
				SKIP_INSTALL = YES;
				SUPPORTED_PLATFORMS = "iphonesimulator iphoneos";
				SUPPORTS_MAC_DESIGNED_FOR_IPHONE_IPAD = NO;
				SWIFT_ACTIVE_COMPILATION_CONDITIONS = "$(inherited)";
				SWIFT_VERSION = 5.0;
				TARGETED_DEVICE_FAMILY = "1,2,6";
				TARGET_NAME = absmartly;
			};
			name = Release;
		};
		OBJ_25 /* Debug */ = {
			isa = XCBuildConfiguration;
			buildSettings = {
				LD = /usr/bin/true;
				OTHER_SWIFT_FLAGS = "-swift-version 5 -I $(TOOLCHAIN_DIR)/usr/lib/swift/pm/4_2 -sdk /Applications/Xcode.app/Contents/Developer/Platforms/MacOSX.platform/Developer/SDKs/MacOSX11.3.sdk -package-description-version 5.3.0";
				SUPPORTED_PLATFORMS = "iphonesimulator iphoneos";
				SWIFT_VERSION = 5.0;
			};
			name = Debug;
		};
		OBJ_26 /* Release */ = {
			isa = XCBuildConfiguration;
			buildSettings = {
				LD = /usr/bin/true;
				OTHER_SWIFT_FLAGS = "-swift-version 5 -I $(TOOLCHAIN_DIR)/usr/lib/swift/pm/4_2 -sdk /Applications/Xcode.app/Contents/Developer/Platforms/MacOSX.platform/Developer/SDKs/MacOSX11.3.sdk -package-description-version 5.3.0";
				SUPPORTED_PLATFORMS = "iphonesimulator iphoneos";
				SWIFT_VERSION = 5.0;
			};
			name = Release;
		};
		OBJ_3 /* Debug */ = {
			isa = XCBuildConfiguration;
			buildSettings = {
				CLANG_ENABLE_OBJC_ARC = YES;
				COMBINE_HIDPI_IMAGES = YES;
				COPY_PHASE_STRIP = NO;
				DEBUG_INFORMATION_FORMAT = dwarf;
				DYLIB_INSTALL_NAME_BASE = "@rpath";
				ENABLE_NS_ASSERTIONS = YES;
				GCC_OPTIMIZATION_LEVEL = 0;
				GCC_PREPROCESSOR_DEFINITIONS = (
					"$(inherited)",
					"SWIFT_PACKAGE=1",
					"DEBUG=1",
				);
				IPHONEOS_DEPLOYMENT_TARGET = 10.0;
				ONLY_ACTIVE_ARCH = YES;
				OTHER_SWIFT_FLAGS = "$(inherited) -DXcode";
				PRODUCT_NAME = "$(TARGET_NAME)";
				SDKROOT = iphoneos;
				SUPPORTED_PLATFORMS = "$(AVAILABLE_PLATFORMS)";
				SUPPORTS_MACCATALYST = YES;
				SWIFT_ACTIVE_COMPILATION_CONDITIONS = "$(inherited) SWIFT_PACKAGE DEBUG";
				SWIFT_OPTIMIZATION_LEVEL = "-Onone";
				TARGETED_DEVICE_FAMILY = "1,2,6";
				USE_HEADERMAP = NO;
			};
			name = Debug;
		};
		OBJ_31 /* Debug */ = {
			isa = XCBuildConfiguration;
			buildSettings = {
				CLANG_ENABLE_MODULES = YES;
				LD_RUNPATH_SEARCH_PATHS = "$(inherited) @executable_path/Frameworks @loader_path/Frameworks";
				SWIFT_OPTIMIZATION_LEVEL = "-Onone";
				SWIFT_VERSION = 5.0;
			};
			name = Debug;
		};
		OBJ_32 /* Release */ = {
			isa = XCBuildConfiguration;
			buildSettings = {
				CLANG_ENABLE_MODULES = YES;
				LD_RUNPATH_SEARCH_PATHS = "$(inherited) @executable_path/Frameworks @loader_path/Frameworks";
				SWIFT_VERSION = 5.0;
			};
			name = Release;
		};
		OBJ_36 /* Debug */ = {
			isa = XCBuildConfiguration;
			buildSettings = {
				BUNDLE_LOADER = "";
				CLANG_ENABLE_MODULES = NO;
				CURRENT_PROJECT_VERSION = 1;
				EMBEDDED_CONTENT_CONTAINS_SWIFT = YES;
				FRAMEWORK_SEARCH_PATHS = (
					"$(inherited)",
					"$(PLATFORM_DIR)/Developer/Library/Frameworks",
				);
				GCC_ENABLE_OBJC_EXCEPTIONS = NO;
				HEADER_SEARCH_PATHS = "$(inherited)";
				INFOPLIST_FILE = absmartly.xcodeproj/absmartlyTests_Info.plist;
				IPHONEOS_DEPLOYMENT_TARGET = 10.0;
				LD_RUNPATH_SEARCH_PATHS = "$(inherited) @loader_path/../Frameworks @loader_path/Frameworks";
				MACOSX_DEPLOYMENT_TARGET = 10.15;
				OTHER_CFLAGS = "$(inherited)";
				OTHER_LDFLAGS = "$(inherited)";
				OTHER_SWIFT_FLAGS = "$(inherited)";
				SUPPORTED_PLATFORMS = "iphonesimulator iphoneos";
				SWIFT_ACTIVE_COMPILATION_CONDITIONS = "$(inherited)";
				SWIFT_VERSION = 5.0;
				TARGET_NAME = absmartlyTests;
				TVOS_DEPLOYMENT_TARGET = 9.0;
				WATCHOS_DEPLOYMENT_TARGET = 7.0;
			};
			name = Debug;
		};
		OBJ_37 /* Release */ = {
			isa = XCBuildConfiguration;
			buildSettings = {
				BUNDLE_LOADER = "";
				CLANG_ENABLE_MODULES = NO;
				CURRENT_PROJECT_VERSION = 1;
				EMBEDDED_CONTENT_CONTAINS_SWIFT = YES;
				FRAMEWORK_SEARCH_PATHS = (
					"$(inherited)",
					"$(PLATFORM_DIR)/Developer/Library/Frameworks",
				);
				GCC_ENABLE_OBJC_EXCEPTIONS = NO;
				HEADER_SEARCH_PATHS = "$(inherited)";
				INFOPLIST_FILE = absmartly.xcodeproj/absmartlyTests_Info.plist;
				IPHONEOS_DEPLOYMENT_TARGET = 10.0;
				LD_RUNPATH_SEARCH_PATHS = "$(inherited) @loader_path/../Frameworks @loader_path/Frameworks";
				MACOSX_DEPLOYMENT_TARGET = 10.15;
				OTHER_CFLAGS = "$(inherited)";
				OTHER_LDFLAGS = "$(inherited)";
				OTHER_SWIFT_FLAGS = "$(inherited)";
				SUPPORTED_PLATFORMS = "iphonesimulator iphoneos";
				SWIFT_ACTIVE_COMPILATION_CONDITIONS = "$(inherited)";
				SWIFT_VERSION = 5.0;
				TARGET_NAME = absmartlyTests;
				TVOS_DEPLOYMENT_TARGET = 9.0;
				WATCHOS_DEPLOYMENT_TARGET = 7.0;
			};
			name = Release;
		};
		OBJ_4 /* Release */ = {
			isa = XCBuildConfiguration;
			buildSettings = {
				CLANG_ENABLE_OBJC_ARC = YES;
				COMBINE_HIDPI_IMAGES = YES;
				COPY_PHASE_STRIP = YES;
				DEBUG_INFORMATION_FORMAT = "dwarf-with-dsym";
				DYLIB_INSTALL_NAME_BASE = "@rpath";
				GCC_OPTIMIZATION_LEVEL = s;
				GCC_PREPROCESSOR_DEFINITIONS = (
					"$(inherited)",
					"SWIFT_PACKAGE=1",
				);
				IPHONEOS_DEPLOYMENT_TARGET = 10.0;
				OTHER_SWIFT_FLAGS = "$(inherited) -DXcode";
				PRODUCT_NAME = "$(TARGET_NAME)";
				SDKROOT = iphoneos;
				SUPPORTED_PLATFORMS = "$(AVAILABLE_PLATFORMS)";
				SUPPORTS_MACCATALYST = YES;
				SWIFT_ACTIVE_COMPILATION_CONDITIONS = "$(inherited) SWIFT_PACKAGE";
				SWIFT_OPTIMIZATION_LEVEL = "-Owholemodule";
				TARGETED_DEVICE_FAMILY = "1,2,6";
				USE_HEADERMAP = NO;
			};
			name = Release;
		};
/* End XCBuildConfiguration section */

/* Begin XCConfigurationList section */
		OBJ_17 /* Build configuration list for PBXNativeTarget "absmartly" */ = {
			isa = XCConfigurationList;
			buildConfigurations = (
				OBJ_18 /* Debug */,
				OBJ_19 /* Release */,
			);
			defaultConfigurationIsVisible = 0;
			defaultConfigurationName = Release;
		};
		OBJ_2 /* Build configuration list for PBXProject "absmartly" */ = {
			isa = XCConfigurationList;
			buildConfigurations = (
				OBJ_3 /* Debug */,
				OBJ_4 /* Release */,
			);
			defaultConfigurationIsVisible = 0;
			defaultConfigurationName = Release;
		};
		OBJ_24 /* Build configuration list for PBXNativeTarget "absmartlyPackageDescription" */ = {
			isa = XCConfigurationList;
			buildConfigurations = (
				OBJ_25 /* Debug */,
				OBJ_26 /* Release */,
			);
			defaultConfigurationIsVisible = 0;
			defaultConfigurationName = Release;
		};
		OBJ_30 /* Build configuration list for PBXAggregateTarget "absmartlyPackageTests" */ = {
			isa = XCConfigurationList;
			buildConfigurations = (
				OBJ_31 /* Debug */,
				OBJ_32 /* Release */,
			);
			defaultConfigurationIsVisible = 0;
			defaultConfigurationName = Release;
		};
		OBJ_35 /* Build configuration list for PBXNativeTarget "absmartlyTests" */ = {
			isa = XCConfigurationList;
			buildConfigurations = (
				OBJ_36 /* Debug */,
				OBJ_37 /* Release */,
			);
			defaultConfigurationIsVisible = 0;
			defaultConfigurationName = Release;
		};
/* End XCConfigurationList section */
	};
	rootObject = OBJ_1 /* Project object */;
}
